{
  "name": "04",
  "version": "1.0.0",
  "lockfileVersion": 1,
  "requires": true,
  "dependencies": {
    "cors": {
      "version": "2.8.5",
      "resolved": "https://registry.npm.taobao.org/cors/download/cors-2.8.5.tgz",
      "integrity": "sha1-6sEdpRWS3Ya58G9uesKTs9+HXSk=",
      "requires": {
        "object-assign": "^4",
        "vary": "^1"
      }
    },
    "object-assign": {
      "version": "4.1.1",
      "resolved": "https://registry.npm.taobao.org/object-assign/download/object-assign-4.1.1.tgz?cache=0&sync_timestamp=1587903560642&other_urls=https%3A%2F%2Fregistry.npm.taobao.org%2Fobject-assign%2Fdownload%2Fobject-assign-4.1.1.tgz",
      "integrity": "sha1-IQmtx5ZYh8/AXLvUQsrIv7s2CGM="
    },
    "vary": {
      "version": "1.1.2",
      "resolved": "https://registry.npm.taobao.org/vary/download/vary-1.1.2.tgz",
      "integrity": "sha1-IpnwLG3tMNSllhsLn3RSShj2NPw="
    }
  }
}
